
Microsoft Visual Studio Solution File, Format Version 12.00
# Visual Studio Version 16
VisualStudioVersion = 16.0.34031.81
MinimumVisualStudioVersion = 10.0.40219.1
Project("{2150E333-8FDC-42A3-9474-1A3956D46DE8}") = "Task0", "Task0", "{A72DD695-2B90-4A6E-A428-012833CE4F05}"
EndProject
Project("{2150E333-8FDC-42A3-9474-1A3956D46DE8}") = "Task1", "Task1", "{B9177AEB-A0EC-46D1-BE72-147363C83000}"
EndProject
Project("{FAE04EC0-301F-11D3-BF4B-00C04F79EFBC}") = "Tyuiu.IvanovSI.Sprint5.Task1.V5", "Tyuiu.IvanovSI.Sprint5.Task1.V5\Tyuiu.IvanovSI.Sprint5.Task1.V5.csproj", "{064B6CF5-52BA-41BC-8FC8-AA2179E9A463}"
EndProject
Project("{FAE04EC0-301F-11D3-BF4B-00C04F79EFBC}") = "Tyuiu.IvanovSI.Sprint5.Task1.V5.Lib", "Tyuiu.IvanovSI.Sprint5.Task1.V5.Lib\Tyuiu.IvanovSI.Sprint5.Task1.V5.Lib.csproj", "{52E33516-2035-4D9F-A64A-1DF0714D1B5F}"
EndProject
Project("{FAE04EC0-301F-11D3-BF4B-00C04F79EFBC}") = "Tyuiu.IvanovSI.Sprint5.Task1.V5.Test", "Tyuiu.IvanovSI.Sprint5.Task1.V5.Test\Tyuiu.IvanovSI.Sprint5.Task1.V5.Test.csproj", "{AC90300F-B254-445B-952E-B52A4FC15824}"
EndProject
Project("{FAE04EC0-301F-11D3-BF4B-00C04F79EFBC}") = "Tyuiu.IvanovSI.Sprint5.Task0.V12", "Tyuiu.IvanovSI.Sprint5.Task0.V12\Tyuiu.IvanovSI.Sprint5.Task0.V12.csproj", "{38E67E33-F655-49BE-99D9-E2EB0336AB5E}"
EndProject
Project("{FAE04EC0-301F-11D3-BF4B-00C04F79EFBC}") = "Tyuiu.IvanovSI.Sprint5.Task0.V12.Test", "Tyuiu.IvanovSI.Sprint5.Task0.V12.Test\Tyuiu.IvanovSI.Sprint5.Task0.V12.Test.csproj", "{158E47E2-F310-4082-96DC-BF1563A8C3BF}"
EndProject
Project("{FAE04EC0-301F-11D3-BF4B-00C04F79EFBC}") = "Tyuiu.IvanovSI.Sprint5.Task0.V12.Lib", "Tyuiu.IvanovSI.Sprint5.Task0.V12.Lib\Tyuiu.IvanovSI.Sprint5.Task0.V12.Lib.csproj", "{654E4EF5-9A3F-4047-89AE-2AD868127D0F}"
EndProject
Project("{2150E333-8FDC-42A3-9474-1A3956D46DE8}") = "Task2", "Task2", "{73264B6D-896B-4884-AF11-B71242CCF7D5}"
EndProject
Project("{FAE04EC0-301F-11D3-BF4B-00C04F79EFBC}") = "Tyuiu.IvanovSI.Sprint5.Task2.V23", "Tyuiu.IvanovSI.Sprint5.Task2.V23\Tyuiu.IvanovSI.Sprint5.Task2.V23.csproj", "{97AB3403-BF68-4BFE-A2F1-97E1ECEB0EF9}"
EndProject
Project("{FAE04EC0-301F-11D3-BF4B-00C04F79EFBC}") = "Tyuiu.IvanovSI.Sprint5.Task2.V23.Lib", "Tyuiu.IvanovSI.Sprint5.Task2.V23.Lib\Tyuiu.IvanovSI.Sprint5.Task2.V23.Lib.csproj", "{0E380256-5DEB-44DE-AEDC-D5AA98E45B95}"
EndProject
Project("{FAE04EC0-301F-11D3-BF4B-00C04F79EFBC}") = "Tyuiu.IvanovSI.Sprint5.Task2.V23.Test", "Tyuiu.IvanovSI.Sprint5.Task2.V23.Test\Tyuiu.IvanovSI.Sprint5.Task2.V23.Test.csproj", "{5BA73EC1-5487-4189-BF88-9C029C81E9E7}"
EndProject
Project("{2150E333-8FDC-42A3-9474-1A3956D46DE8}") = "Task3", "Task3", "{497B3012-EC0D-4749-8E9D-5BF4A0A3710C}"
EndProject
Project("{FAE04EC0-301F-11D3-BF4B-00C04F79EFBC}") = "Tyuiu.IvanovSI.Sprint5.Task3.V3", "Tyuiu.IvanovSI.Sprint5.Task3.V3\Tyuiu.IvanovSI.Sprint5.Task3.V3.csproj", "{90B7740F-84D9-417E-969A-AF9491D7E1B3}"
EndProject
Project("{FAE04EC0-301F-11D3-BF4B-00C04F79EFBC}") = "Tyuiu.IvanovSI.Sprint5.Task3.V3.Test", "Tyuiu.IvanovSI.Sprint5.Task3.V3.Test\Tyuiu.IvanovSI.Sprint5.Task3.V3.Test.csproj", "{2B663D01-E170-44AF-B364-20679D736A4E}"
EndProject
Project("{FAE04EC0-301F-11D3-BF4B-00C04F79EFBC}") = "Tyuiu.IvanovSI.Sprint5.Task3.V3.Lib", "Tyuiu.IvanovSI.Sprint5.Task3.V3.Lib\Tyuiu.IvanovSI.Sprint5.Task3.V3.Lib.csproj", "{EE026D07-E643-42A5-BB74-BA095CD4711A}"
EndProject
Global
	GlobalSection(SolutionConfigurationPlatforms) = preSolution
		Debug|Any CPU = Debug|Any CPU
		Release|Any CPU = Release|Any CPU
	EndGlobalSection
	GlobalSection(ProjectConfigurationPlatforms) = postSolution
		{064B6CF5-52BA-41BC-8FC8-AA2179E9A463}.Debug|Any CPU.ActiveCfg = Debug|Any CPU
		{064B6CF5-52BA-41BC-8FC8-AA2179E9A463}.Debug|Any CPU.Build.0 = Debug|Any CPU
		{064B6CF5-52BA-41BC-8FC8-AA2179E9A463}.Release|Any CPU.ActiveCfg = Release|Any CPU
		{064B6CF5-52BA-41BC-8FC8-AA2179E9A463}.Release|Any CPU.Build.0 = Release|Any CPU
		{52E33516-2035-4D9F-A64A-1DF0714D1B5F}.Debug|Any CPU.ActiveCfg = Debug|Any CPU
		{52E33516-2035-4D9F-A64A-1DF0714D1B5F}.Debug|Any CPU.Build.0 = Debug|Any CPU
		{52E33516-2035-4D9F-A64A-1DF0714D1B5F}.Release|Any CPU.ActiveCfg = Release|Any CPU
		{52E33516-2035-4D9F-A64A-1DF0714D1B5F}.Release|Any CPU.Build.0 = Release|Any CPU
		{AC90300F-B254-445B-952E-B52A4FC15824}.Debug|Any CPU.ActiveCfg = Debug|Any CPU
		{AC90300F-B254-445B-952E-B52A4FC15824}.Debug|Any CPU.Build.0 = Debug|Any CPU
		{AC90300F-B254-445B-952E-B52A4FC15824}.Release|Any CPU.ActiveCfg = Release|Any CPU
		{AC90300F-B254-445B-952E-B52A4FC15824}.Release|Any CPU.Build.0 = Release|Any CPU
		{38E67E33-F655-49BE-99D9-E2EB0336AB5E}.Debug|Any CPU.ActiveCfg = Debug|Any CPU
		{38E67E33-F655-49BE-99D9-E2EB0336AB5E}.Debug|Any CPU.Build.0 = Debug|Any CPU
		{38E67E33-F655-49BE-99D9-E2EB0336AB5E}.Release|Any CPU.ActiveCfg = Release|Any CPU
		{38E67E33-F655-49BE-99D9-E2EB0336AB5E}.Release|Any CPU.Build.0 = Release|Any CPU
		{158E47E2-F310-4082-96DC-BF1563A8C3BF}.Debug|Any CPU.ActiveCfg = Debug|Any CPU
		{158E47E2-F310-4082-96DC-BF1563A8C3BF}.Debug|Any CPU.Build.0 = Debug|Any CPU
		{158E47E2-F310-4082-96DC-BF1563A8C3BF}.Release|Any CPU.ActiveCfg = Release|Any CPU
		{158E47E2-F310-4082-96DC-BF1563A8C3BF}.Release|Any CPU.Build.0 = Release|Any CPU
		{654E4EF5-9A3F-4047-89AE-2AD868127D0F}.Debug|Any CPU.ActiveCfg = Debug|Any CPU
		{654E4EF5-9A3F-4047-89AE-2AD868127D0F}.Debug|Any CPU.Build.0 = Debug|Any CPU
		{654E4EF5-9A3F-4047-89AE-2AD868127D0F}.Release|Any CPU.ActiveCfg = Release|Any CPU
		{654E4EF5-9A3F-4047-89AE-2AD868127D0F}.Release|Any CPU.Build.0 = Release|Any CPU
		{97AB3403-BF68-4BFE-A2F1-97E1ECEB0EF9}.Debug|Any CPU.ActiveCfg = Debug|Any CPU
		{97AB3403-BF68-4BFE-A2F1-97E1ECEB0EF9}.Debug|Any CPU.Build.0 = Debug|Any CPU
		{97AB3403-BF68-4BFE-A2F1-97E1ECEB0EF9}.Release|Any CPU.ActiveCfg = Release|Any CPU
		{97AB3403-BF68-4BFE-A2F1-97E1ECEB0EF9}.Release|Any CPU.Build.0 = Release|Any CPU
		{0E380256-5DEB-44DE-AEDC-D5AA98E45B95}.Debug|Any CPU.ActiveCfg = Debug|Any CPU
		{0E380256-5DEB-44DE-AEDC-D5AA98E45B95}.Debug|Any CPU.Build.0 = Debug|Any CPU
		{0E380256-5DEB-44DE-AEDC-D5AA98E45B95}.Release|Any CPU.ActiveCfg = Release|Any CPU
		{0E380256-5DEB-44DE-AEDC-D5AA98E45B95}.Release|Any CPU.Build.0 = Release|Any CPU
		{5BA73EC1-5487-4189-BF88-9C029C81E9E7}.Debug|Any CPU.ActiveCfg = Debug|Any CPU
		{5BA73EC1-5487-4189-BF88-9C029C81E9E7}.Debug|Any CPU.Build.0 = Debug|Any CPU
		{5BA73EC1-5487-4189-BF88-9C029C81E9E7}.Release|Any CPU.ActiveCfg = Release|Any CPU
		{5BA73EC1-5487-4189-BF88-9C029C81E9E7}.Release|Any CPU.Build.0 = Release|Any CPU
		{90B7740F-84D9-417E-969A-AF9491D7E1B3}.Debug|Any CPU.ActiveCfg = Debug|Any CPU
		{90B7740F-84D9-417E-969A-AF9491D7E1B3}.Debug|Any CPU.Build.0 = Debug|Any CPU
		{90B7740F-84D9-417E-969A-AF9491D7E1B3}.Release|Any CPU.ActiveCfg = Release|Any CPU
		{90B7740F-84D9-417E-969A-AF9491D7E1B3}.Release|Any CPU.Build.0 = Release|Any CPU
		{2B663D01-E170-44AF-B364-20679D736A4E}.Debug|Any CPU.ActiveCfg = Debug|Any CPU
		{2B663D01-E170-44AF-B364-20679D736A4E}.Debug|Any CPU.Build.0 = Debug|Any CPU
		{2B663D01-E170-44AF-B364-20679D736A4E}.Release|Any CPU.ActiveCfg = Release|Any CPU
		{2B663D01-E170-44AF-B364-20679D736A4E}.Release|Any CPU.Build.0 = Release|Any CPU
		{EE026D07-E643-42A5-BB74-BA095CD4711A}.Debug|Any CPU.ActiveCfg = Debug|Any CPU
		{EE026D07-E643-42A5-BB74-BA095CD4711A}.Debug|Any CPU.Build.0 = Debug|Any CPU
		{EE026D07-E643-42A5-BB74-BA095CD4711A}.Release|Any CPU.ActiveCfg = Release|Any CPU
		{EE026D07-E643-42A5-BB74-BA095CD4711A}.Release|Any CPU.Build.0 = Release|Any CPU
	EndGlobalSection
	GlobalSection(SolutionProperties) = preSolution
		HideSolutionNode = FALSE
	EndGlobalSection
	GlobalSection(NestedProjects) = preSolution
		{064B6CF5-52BA-41BC-8FC8-AA2179E9A463} = {B9177AEB-A0EC-46D1-BE72-147363C83000}
		{52E33516-2035-4D9F-A64A-1DF0714D1B5F} = {B9177AEB-A0EC-46D1-BE72-147363C83000}
		{AC90300F-B254-445B-952E-B52A4FC15824} = {B9177AEB-A0EC-46D1-BE72-147363C83000}
		{38E67E33-F655-49BE-99D9-E2EB0336AB5E} = {A72DD695-2B90-4A6E-A428-012833CE4F05}
		{158E47E2-F310-4082-96DC-BF1563A8C3BF} = {A72DD695-2B90-4A6E-A428-012833CE4F05}
		{654E4EF5-9A3F-4047-89AE-2AD868127D0F} = {A72DD695-2B90-4A6E-A428-012833CE4F05}
		{97AB3403-BF68-4BFE-A2F1-97E1ECEB0EF9} = {73264B6D-896B-4884-AF11-B71242CCF7D5}
		{0E380256-5DEB-44DE-AEDC-D5AA98E45B95} = {73264B6D-896B-4884-AF11-B71242CCF7D5}
		{5BA73EC1-5487-4189-BF88-9C029C81E9E7} = {73264B6D-896B-4884-AF11-B71242CCF7D5}
		{90B7740F-84D9-417E-969A-AF9491D7E1B3} = {497B3012-EC0D-4749-8E9D-5BF4A0A3710C}
		{2B663D01-E170-44AF-B364-20679D736A4E} = {497B3012-EC0D-4749-8E9D-5BF4A0A3710C}
		{EE026D07-E643-42A5-BB74-BA095CD4711A} = {497B3012-EC0D-4749-8E9D-5BF4A0A3710C}
	EndGlobalSection
	GlobalSection(ExtensibilityGlobals) = postSolution
		SolutionGuid = {63E491F5-5C82-4B0D-9297-36BA1860E3DD}
	EndGlobalSection
EndGlobal
